
Microsoft Visual Studio Solution File, Format Version 11.00
# Visual Studio 2010
Project("{8BC9CEB8-8B4A-11D0-8D11-00A0C91BC942}") = "TestManager", "TestManager\TestManager.vcxproj", "{91B02E2E-8792-4B14-9FD0-44EC1FDF23D3}"
EndProject
Project("{8BC9CEB8-8B4A-11D0-8D11-00A0C91BC942}") = "TestFile", "TestFile\TestFile.vcxproj", "{C6A335BC-F861-49D0-89E5-6334B038681E}"
EndProject
Global
	GlobalSection(SolutionConfigurationPlatforms) = preSolution
		Debug|Win32 = Debug|Win32
		Release|Win32 = Release|Win32
	EndGlobalSection
	GlobalSection(ProjectConfigurationPlatforms) = postSolution
		{91B02E2E-8792-4B14-9FD0-44EC1FDF23D3}.Debug|Win32.ActiveCfg = Debug|Win32
		{91B02E2E-8792-4B14-9FD0-44EC1FDF23D3}.Debug|Win32.Build.0 = Debug|Win32
		{91B02E2E-8792-4B14-9FD0-44EC1FDF23D3}.Release|Win32.ActiveCfg = Release|Win32
		{91B02E2E-8792-4B14-9FD0-44EC1FDF23D3}.Release|Win32.Build.0 = Release|Win32
		{C6A335BC-F861-49D0-89E5-6334B038681E}.Debug|Win32.ActiveCfg = Debug|Win32
		{C6A335BC-F861-49D0-89E5-6334B038681E}.Debug|Win32.Build.0 = Debug|Win32
		{C6A335BC-F861-49D0-89E5-6334B038681E}.Release|Win32.ActiveCfg = Release|Win32
		{C6A335BC-F861-49D0-89E5-6334B038681E}.Release|Win32.Build.0 = Release|Win32
	EndGlobalSection
	GlobalSection(SolutionProperties) = preSolution
		HideSolutionNode = FALSE
	EndGlobalSection
EndGlobal
